{
  "projects": [
    {
      "projectId": "seaQhLVS4bbjiGvJJrRwyL",
      "version": "15.0.3",
      "dependencies": {},
      "lang": "ts",
      "fileLocks": [
        {
          "assetId": "seaQhLVS4bbjiGvJJrRwyL",
          "type": "projectCss",
          "checksum": "85f7ca190f576c5a2499623973afb625"
        }
      ]
    },
    {
      "projectId": "9s3hvugvPEapsUg57TTaoR",
      "version": "latest",
      "dependencies": {
        "seaQhLVS4bbjiGvJJrRwyL": "15.0.3"
      },
      "lang": "ts",
      "fileLocks": [
        {
          "type": "globalVariant",
          "assetId": "JT3ou6SXd3D2",
          "checksum": "af84e130a43c4dd5dbf968abbb2c4e18"
        },
        {
          "type": "renderModule",
          "assetId": "778_gT31YB5",
          "checksum": "a51a46a2b0ec3be3bda367dd5cde6aac"
        },
        {
          "type": "cssRules",
          "assetId": "778_gT31YB5",
          "checksum": "a51a46a2b0ec3be3bda367dd5cde6aac"
        },
        {
          "type": "renderModule",
          "assetId": "URmcGzGZGqG",
          "checksum": "355db48e2235e8d2033789c7774cd9fa"
        },
        {
          "type": "cssRules",
          "assetId": "URmcGzGZGqG",
          "checksum": "355db48e2235e8d2033789c7774cd9fa"
        },
        {
          "type": "renderModule",
          "assetId": "oVVzPbYKNL5",
          "checksum": "d9955667680cc904b75eb533e56f3b6b"
        },
        {
          "type": "cssRules",
          "assetId": "oVVzPbYKNL5",
          "checksum": "d9955667680cc904b75eb533e56f3b6b"
        },
        {
          "type": "renderModule",
          "assetId": "WtSsUtjw8TA",
          "checksum": "a2113150b12cd3272101ade4650dd3ef"
        },
        {
          "type": "cssRules",
          "assetId": "WtSsUtjw8TA",
          "checksum": "a2113150b12cd3272101ade4650dd3ef"
        },
        {
          "type": "renderModule",
          "assetId": "UPgMAOBHz74",
          "checksum": "fdd25a40050211b283f39ede9b14853b"
        },
        {
          "type": "cssRules",
          "assetId": "UPgMAOBHz74",
          "checksum": "fdd25a40050211b283f39ede9b14853b"
        },
        {
          "type": "renderModule",
          "assetId": "-jVB3yJY4C3",
          "checksum": "21c8221303c1f388cf97f8506a6e7043"
        },
        {
          "type": "cssRules",
          "assetId": "-jVB3yJY4C3",
          "checksum": "21c8221303c1f388cf97f8506a6e7043"
        },
        {
          "type": "renderModule",
          "assetId": "dFmv-QXDNnw",
          "checksum": "3fe6ce2993d0c660d1297ad1bf3f9de2"
        },
        {
          "type": "cssRules",
          "assetId": "dFmv-QXDNnw",
          "checksum": "3fe6ce2993d0c660d1297ad1bf3f9de2"
        },
        {
          "type": "renderModule",
          "assetId": "PsDbzcy_1H3c",
          "checksum": "17391202beb2e4db057b85d958ef7c44"
        },
        {
          "type": "cssRules",
          "assetId": "PsDbzcy_1H3c",
          "checksum": "17391202beb2e4db057b85d958ef7c44"
        },
        {
          "type": "renderModule",
          "assetId": "Yj7xu_zidJUc",
          "checksum": "a4344e95e09ad09287dca2d1476610a8"
        },
        {
          "type": "cssRules",
          "assetId": "Yj7xu_zidJUc",
          "checksum": "a4344e95e09ad09287dca2d1476610a8"
        },
        {
          "type": "renderModule",
          "assetId": "Beivagj7o-g0",
          "checksum": "09c09e23a0ba1991746d7ff107ee3409"
        },
        {
          "type": "cssRules",
          "assetId": "Beivagj7o-g0",
          "checksum": "09c09e23a0ba1991746d7ff107ee3409"
        },
        {
          "type": "renderModule",
          "assetId": "hn95vG55egac",
          "checksum": "ed48b34647e48c7f96d858c82de52bf7"
        },
        {
          "type": "cssRules",
          "assetId": "hn95vG55egac",
          "checksum": "ed48b34647e48c7f96d858c82de52bf7"
        },
        {
          "type": "renderModule",
          "assetId": "4xYecELwkCsL",
          "checksum": "de3ab0c955a5723f3e3bcf24a804abd0"
        },
        {
          "type": "cssRules",
          "assetId": "4xYecELwkCsL",
          "checksum": "de3ab0c955a5723f3e3bcf24a804abd0"
        },
        {
          "type": "renderModule",
          "assetId": "Djm1Jvf9dSG-",
          "checksum": "744194ee8f4ec5b6ecd0676080c1cf9f"
        },
        {
          "type": "cssRules",
          "assetId": "Djm1Jvf9dSG-",
          "checksum": "744194ee8f4ec5b6ecd0676080c1cf9f"
        },
        {
          "type": "renderModule",
          "assetId": "A7si4kILL7eN",
          "checksum": "eca081091abc85e3a3c518aca4003eef"
        },
        {
          "type": "cssRules",
          "assetId": "A7si4kILL7eN",
          "checksum": "eca081091abc85e3a3c518aca4003eef"
        },
        {
          "type": "image",
          "assetId": "rLpP5KyH2G-D",
          "checksum": "063c911fe05b5e5e45aa5675a93b99e7"
        },
        {
          "type": "image",
          "assetId": "z4QoybeocGIy",
          "checksum": "acad6ccb80947aac2096553da458612c"
        },
        {
          "type": "image",
          "assetId": "H_DovVmV7W2V",
          "checksum": "f58840bf05847ea60077c39af56f3080"
        },
        {
          "type": "renderModule",
          "assetId": "PTxe7Daxv2V",
          "checksum": "2205a1e5efc89a41683db38053d9ede7"
        },
        {
          "type": "cssRules",
          "assetId": "PTxe7Daxv2V",
          "checksum": "2205a1e5efc89a41683db38053d9ede7"
        },
        {
          "type": "renderModule",
          "assetId": "LpXf24m_gFeL",
          "checksum": "0c027c4fc2edca6df866d657da6c9d08"
        },
        {
          "type": "cssRules",
          "assetId": "LpXf24m_gFeL",
          "checksum": "0c027c4fc2edca6df866d657da6c9d08"
        },
        {
          "type": "renderModule",
          "assetId": "oVBSqWV0iJaK",
          "checksum": "0ea5c6772a223c111f95e5af8beb6eb4"
        },
        {
          "type": "cssRules",
          "assetId": "oVBSqWV0iJaK",
          "checksum": "0ea5c6772a223c111f95e5af8beb6eb4"
        },
        {
          "type": "image",
          "assetId": "3D1N5VsedIOh",
          "checksum": "e760fc2914fd253fc49fef67a54820b8"
        },
        {
          "type": "image",
          "assetId": "hTFpW_z0lC",
          "checksum": "868eeb629c53a58076acafd068804284"
        },
        {
          "type": "image",
          "assetId": "vQw8oK0qY",
          "checksum": "7b2dec19a05fb869d621bb587e3cf064"
        },
        {
          "type": "image",
          "assetId": "6e4dQhuTE",
          "checksum": "07d50aa4f49f933c8e8dee04f0fa2600"
        },
        {
          "type": "image",
          "assetId": "HFMWmSHtD",
          "checksum": "3fdf7de00fc4f47243a8ef85ba81f94d"
        },
        {
          "assetId": "9s3hvugvPEapsUg57TTaoR",
          "type": "projectCss",
          "checksum": "739c27bd675c0ef59092ed68c1b3212b"
        },
        {
          "type": "icon",
          "assetId": "7nqxpjWBlU_Y",
          "checksum": "6c4cc6e9f72e118cef23748ca71198a3"
        },
        {
          "type": "icon",
          "assetId": "RDLQIcBmYSl3",
          "checksum": "891f3eca42fcf89d82e67183a0e029c9"
        },
        {
          "type": "icon",
          "assetId": "I2KCJPQjTVPm",
          "checksum": "2fb967d5b2da39cf693187b984f55c4c"
        },
        {
          "type": "icon",
          "assetId": "AJKC3aQXFcdJ",
          "checksum": "f9c398081314657a50d237c05859ab99"
        },
        {
          "type": "icon",
          "assetId": "b_x6v9Y693on",
          "checksum": "170e81f764c7ba30af925ddbf5233884"
        },
        {
          "type": "icon",
          "assetId": "c-dOeIR3iTFz",
          "checksum": "5350ea74a92107567f20402e16e4fc9b"
        },
        {
          "type": "icon",
          "assetId": "yUWPsfPGF1Tv",
          "checksum": "bedc406464c2764ba36424f056199fb6"
        },
        {
          "type": "icon",
          "assetId": "nBCHY_BMhN8c",
          "checksum": "731db25c5331b808be99300c5e7e89bb"
        },
        {
          "type": "icon",
          "assetId": "5N5lVrhsSNeV",
          "checksum": "03bccd8939330dfa95ff6e133694dc7c"
        },
        {
          "type": "icon",
          "assetId": "k6lv2DaAEZQf",
          "checksum": "39dad7026c5625d705a429bd2bd5f268"
        },
        {
          "type": "icon",
          "assetId": "BwUN0sFW0Hyl",
          "checksum": "c7e557dd507e3d22f528e77f425eeed9"
        },
        {
          "type": "icon",
          "assetId": "q-J3i4huIIis",
          "checksum": "e6944c9f23eb3bc5de1468bf9c0e2de3"
        },
        {
          "type": "icon",
          "assetId": "EedUtefgBTIV",
          "checksum": "90f8cb69dfc824578c60e66181ce2bfd"
        },
        {
          "type": "icon",
          "assetId": "sesEwkyeF7Lc",
          "checksum": "d06c94b3ba269573f6c2c436239e74f5"
        },
        {
          "type": "icon",
          "assetId": "VCIye8NIWx6z",
          "checksum": "8a289635150b3d211f4e6f1a5ed194dd"
        },
        {
          "type": "icon",
          "assetId": "GMmt-niDVZRW",
          "checksum": "1eebc2a43a3938b30cfa16550237e245"
        },
        {
          "type": "icon",
          "assetId": "z-6wWKMFSFjv",
          "checksum": "b83302249bc655a758299beb09adbe66"
        },
        {
          "type": "icon",
          "assetId": "Sqn8h6vJcOAp",
          "checksum": "60514fc55a55d27375041448d598330e"
        },
        {
          "type": "icon",
          "assetId": "_kStN2qeE9ya",
          "checksum": "b34ebe83b2604df6451a369a81302f39"
        },
        {
          "type": "icon",
          "assetId": "JijZUWV4OVqm",
          "checksum": "0e0be0de52ab1e527e0e75b0104c019c"
        },
        {
          "type": "icon",
          "assetId": "mizxgSLXdJ",
          "checksum": "5ff169ce89eeb88e3254d42fa427addd"
        },
        {
          "type": "icon",
          "assetId": "bKgI4impz",
          "checksum": "d0876c6bf423897acf9e836e23b5fce0"
        },
        {
          "type": "icon",
          "assetId": "Ln9GZuDeys",
          "checksum": "a1066f6c65da29415d1484c1f7b1683a"
        }
      ]
    }
  ],
  "cliVersion": "0.1.161"
}
