{
  "projects": [
    {
      "projectId": "seaQhLVS4bbjiGvJJrRwyL",
      "version": "latest",
      "dependencies": {},
      "lang": "ts",
      "fileLocks": [
        {
          "assetId": "seaQhLVS4bbjiGvJJrRwyL",
          "type": "projectCss",
          "checksum": "85f7ca190f576c5a2499623973afb625"
        }
      ]
    },
    {
      "projectId": "3gM4xrSdYFXoe1exZP2Pz5",
      "version": "latest",
      "dependencies": {
        "seaQhLVS4bbjiGvJJrRwyL": "15.0.3"
      },
      "lang": "ts",
      "fileLocks": [
        {
          "type": "globalVariant",
          "assetId": "HEDPAE61-1h1Fu",
          "checksum": "64c5613dea00b00033c7f2c59d60db43"
        },
        {
          "type": "renderModule",
          "assetId": "pGQunDwLgXhpe",
          "checksum": "5f4f6c4df03ef3a1463a02fb826e0ba5"
        },
        {
          "type": "cssRules",
          "assetId": "pGQunDwLgXhpe",
          "checksum": "5f4f6c4df03ef3a1463a02fb826e0ba5"
        },
        {
          "type": "renderModule",
          "assetId": "ordOT1izukAO9",
          "checksum": "9cf0ddbce0dacd31b3441a575411b201"
        },
        {
          "type": "cssRules",
          "assetId": "ordOT1izukAO9",
          "checksum": "9cf0ddbce0dacd31b3441a575411b201"
        },
        {
          "type": "renderModule",
          "assetId": "SHSFk-M5gcMVo",
          "checksum": "af1dfa6b3195e2192debbc091f03f32e"
        },
        {
          "type": "cssRules",
          "assetId": "SHSFk-M5gcMVo",
          "checksum": "af1dfa6b3195e2192debbc091f03f32e"
        },
        {
          "type": "renderModule",
          "assetId": "NnJ508NgLB5SU",
          "checksum": "f68f1b6ff424fea863869c5e2574788e"
        },
        {
          "type": "cssRules",
          "assetId": "NnJ508NgLB5SU",
          "checksum": "f68f1b6ff424fea863869c5e2574788e"
        },
        {
          "type": "renderModule",
          "assetId": "GpRZzOw2uZgYN",
          "checksum": "87d6cc313addc42046438e63ca54a167"
        },
        {
          "type": "cssRules",
          "assetId": "GpRZzOw2uZgYN",
          "checksum": "87d6cc313addc42046438e63ca54a167"
        },
        {
          "type": "renderModule",
          "assetId": "C2-iDeYYylDFZ",
          "checksum": "ed993022f5c9b99f2eaf402c95ccae66"
        },
        {
          "type": "cssRules",
          "assetId": "C2-iDeYYylDFZ",
          "checksum": "ed993022f5c9b99f2eaf402c95ccae66"
        },
        {
          "type": "renderModule",
          "assetId": "AhQVUaPcQEBLe",
          "checksum": "32f19a0c822f992658b597d41ab4afba"
        },
        {
          "type": "cssRules",
          "assetId": "AhQVUaPcQEBLe",
          "checksum": "32f19a0c822f992658b597d41ab4afba"
        },
        {
          "type": "renderModule",
          "assetId": "PNSLarptRoOn5",
          "checksum": "ecd075240ebafe4c7320d4c799422de8"
        },
        {
          "type": "cssRules",
          "assetId": "PNSLarptRoOn5",
          "checksum": "ecd075240ebafe4c7320d4c799422de8"
        },
        {
          "type": "renderModule",
          "assetId": "y_k5GHRSB_5Rug",
          "checksum": "d4831b2953c8743e58e6b40b2bd00775"
        },
        {
          "type": "cssRules",
          "assetId": "y_k5GHRSB_5Rug",
          "checksum": "d4831b2953c8743e58e6b40b2bd00775"
        },
        {
          "type": "renderModule",
          "assetId": "4jQh-uanHdOK3g",
          "checksum": "1251ec378c39e02d70556f35215e26b5"
        },
        {
          "type": "cssRules",
          "assetId": "4jQh-uanHdOK3g",
          "checksum": "1251ec378c39e02d70556f35215e26b5"
        },
        {
          "type": "renderModule",
          "assetId": "rg5W3a3g8k45RT",
          "checksum": "9216412eb57a1395c173f12041629123"
        },
        {
          "type": "cssRules",
          "assetId": "rg5W3a3g8k45RT",
          "checksum": "9216412eb57a1395c173f12041629123"
        },
        {
          "type": "renderModule",
          "assetId": "_zn6FOHanpEirJ",
          "checksum": "c85cffc528cec0f77d952b8f0744a7fc"
        },
        {
          "type": "cssRules",
          "assetId": "_zn6FOHanpEirJ",
          "checksum": "c85cffc528cec0f77d952b8f0744a7fc"
        },
        {
          "type": "renderModule",
          "assetId": "vmTqKIv2tV0IdM",
          "checksum": "7acaeee12bbc37a5cdad57589c390b9d"
        },
        {
          "type": "cssRules",
          "assetId": "vmTqKIv2tV0IdM",
          "checksum": "7acaeee12bbc37a5cdad57589c390b9d"
        },
        {
          "type": "renderModule",
          "assetId": "G9GtO1co1dnnIv",
          "checksum": "6fb81926068d6ce93593413687f58790"
        },
        {
          "type": "cssRules",
          "assetId": "G9GtO1co1dnnIv",
          "checksum": "6fb81926068d6ce93593413687f58790"
        },
        {
          "type": "renderModule",
          "assetId": "UFy3YIiap069Eq",
          "checksum": "b0a2b81b181b8dea39dad435934fa2eb"
        },
        {
          "type": "cssRules",
          "assetId": "UFy3YIiap069Eq",
          "checksum": "b0a2b81b181b8dea39dad435934fa2eb"
        },
        {
          "type": "renderModule",
          "assetId": "IikVbGFPSD_e3X",
          "checksum": "c4e50d05eb7b29053c7d94a477e640dc"
        },
        {
          "type": "cssRules",
          "assetId": "IikVbGFPSD_e3X",
          "checksum": "c4e50d05eb7b29053c7d94a477e640dc"
        },
        {
          "type": "renderModule",
          "assetId": "-agTewMvSCtXjY",
          "checksum": "0a4a7059d39821bea9f7a7727dc23d9a"
        },
        {
          "type": "cssRules",
          "assetId": "-agTewMvSCtXjY",
          "checksum": "0a4a7059d39821bea9f7a7727dc23d9a"
        },
        {
          "type": "image",
          "assetId": "GCRifGzTsEjNjJ",
          "checksum": "0724fd85d3c7effad905fd92ee65ff65"
        },
        {
          "type": "image",
          "assetId": "JJIWtHTJsBhwVU",
          "checksum": "be7453dcea9981e655e66aa31393ca25"
        },
        {
          "type": "image",
          "assetId": "tfjjCG5Pqla6h-",
          "checksum": "e7671350dde97138efd97cdc77cf81af"
        },
        {
          "type": "image",
          "assetId": "gJOmRQhYWaURHt",
          "checksum": "ca98c54daa336c4bb9d136accd1804f4"
        },
        {
          "assetId": "3gM4xrSdYFXoe1exZP2Pz5",
          "type": "projectCss",
          "checksum": "3ce6dbfe56dea04c6fce0a03cbf733ba"
        },
        {
          "type": "icon",
          "assetId": "H2bEYF9M3d04ex",
          "checksum": "d39e271b02aab06aba4c45fc4eb1df67"
        },
        {
          "type": "icon",
          "assetId": "wCuu9tAiFKsj_9",
          "checksum": "a4ea1aa43f6915857d18edd336236adb"
        },
        {
          "type": "icon",
          "assetId": "I28jQSHKi-3k2D",
          "checksum": "9211d257d380cff97c153027e4777f12"
        },
        {
          "type": "icon",
          "assetId": "zkEhvSIiQiHVNr",
          "checksum": "54a79dae9da9311a7451e56d7084cbdd"
        },
        {
          "type": "icon",
          "assetId": "PsdASxiuluc_3j",
          "checksum": "a694333153568be72588cdac745e7a9c"
        },
        {
          "type": "icon",
          "assetId": "c-FcYD_1Yh67m-",
          "checksum": "2de1367f978eb7528b98e288f2139f45"
        },
        {
          "type": "icon",
          "assetId": "H9EtD-x5Wx6-2o",
          "checksum": "3b4db69488f41335c4fdd34e74d43489"
        },
        {
          "type": "icon",
          "assetId": "s_sMzFND0kvI_u",
          "checksum": "3b6e35af44d3fcb1645256fd2536b7f6"
        },
        {
          "type": "icon",
          "assetId": "BzBNu9JD3PfoCE",
          "checksum": "1107c7b5fd57b4532ddcb080c460a379"
        },
        {
          "type": "icon",
          "assetId": "lTrKS-c-TZrt7K",
          "checksum": "63406d260f830750eea7824913e0f68e"
        },
        {
          "type": "icon",
          "assetId": "glxbMLvbfRcZ38",
          "checksum": "9b228fec4edf374ad37ac05b89e7b549"
        },
        {
          "type": "icon",
          "assetId": "xm6_8gn3RNPd7V",
          "checksum": "81fcc4abc7dabdd2bf9c60fd9c22b5ff"
        },
        {
          "type": "icon",
          "assetId": "51pnL9CmtXye8O",
          "checksum": "03b1620ee803ea394622f9cdba7c2d9c"
        },
        {
          "type": "icon",
          "assetId": "aBM6DIANJRTcQX",
          "checksum": "bd50d8dba0716e89ab124214a04c783c"
        },
        {
          "type": "icon",
          "assetId": "6NMOqcF2frmqsa",
          "checksum": "190852c926f031fb995e4ff56ea91d69"
        },
        {
          "type": "icon",
          "assetId": "vHhhljgQ0LaT5r",
          "checksum": "9585c0ad032ecd6adaea785d053fdc2f"
        },
        {
          "type": "icon",
          "assetId": "luQalkTPk8b6np",
          "checksum": "4f1d092e61ce95a439afaf3b6698e42d"
        },
        {
          "type": "icon",
          "assetId": "VX-DxP6nflaSVV",
          "checksum": "d56c4d74c4cf0f8019517d395f0a539b"
        },
        {
          "type": "icon",
          "assetId": "DpRSEROmNXxIE2",
          "checksum": "b097439d1332aa1517b2d6a08f749cf3"
        },
        {
          "type": "icon",
          "assetId": "6wafNlNeGbL2yI",
          "checksum": "ed3787ccabeeabacfa9f9c41e9209696"
        }
      ]
    }
  ],
  "cliVersion": "0.1.161"
}
